
Microsoft Visual Studio Solution File, Format Version 12.00
# Visual Studio Version 16
VisualStudioVersion = 16.0.30114.105
MinimumVisualStudioVersion = 10.0.40219.1
Project("{FAE04EC0-301F-11D3-BF4B-00C04F79EFBC}") = "Dnw.OneForTwelve.Core", "Dnw.OneForTwelve.Core\Dnw.OneForTwelve.Core.csproj", "{A32AF108-8DB8-421F-B684-7687ED46626C}"
EndProject
Project("{FAE04EC0-301F-11D3-BF4B-00C04F79EFBC}") = "Dnw.OneForTwelve.Core.UnitTests", "Dnw.OneForTwelve.Core.UnitTests\Dnw.OneForTwelve.Core.UnitTests.csproj", "{86CD10BB-C49B-46CF-B51A-8B649F452117}"
EndProject
Project("{FAE04EC0-301F-11D3-BF4B-00C04F79EFBC}") = "Dnw.OneForTwelve.IntegrationTests", "Dnw.OneForTwelve.IntegrationTests\Dnw.OneForTwelve.IntegrationTests.csproj", "{36ECFFA3-F933-4D3F-9993-966670CD80BE}"
EndProject
Global
	GlobalSection(SolutionConfigurationPlatforms) = preSolution
		Debug|Any CPU = Debug|Any CPU
		Release|Any CPU = Release|Any CPU
	EndGlobalSection
	GlobalSection(SolutionProperties) = preSolution
		HideSolutionNode = FALSE
	EndGlobalSection
	GlobalSection(ProjectConfigurationPlatforms) = postSolution
		{A32AF108-8DB8-421F-B684-7687ED46626C}.Debug|Any CPU.ActiveCfg = Debug|Any CPU
		{A32AF108-8DB8-421F-B684-7687ED46626C}.Debug|Any CPU.Build.0 = Debug|Any CPU
		{A32AF108-8DB8-421F-B684-7687ED46626C}.Release|Any CPU.ActiveCfg = Release|Any CPU
		{A32AF108-8DB8-421F-B684-7687ED46626C}.Release|Any CPU.Build.0 = Release|Any CPU
		{86CD10BB-C49B-46CF-B51A-8B649F452117}.Debug|Any CPU.ActiveCfg = Debug|Any CPU
		{86CD10BB-C49B-46CF-B51A-8B649F452117}.Debug|Any CPU.Build.0 = Debug|Any CPU
		{86CD10BB-C49B-46CF-B51A-8B649F452117}.Release|Any CPU.ActiveCfg = Release|Any CPU
		{86CD10BB-C49B-46CF-B51A-8B649F452117}.Release|Any CPU.Build.0 = Release|Any CPU
		{36ECFFA3-F933-4D3F-9993-966670CD80BE}.Debug|Any CPU.ActiveCfg = Debug|Any CPU
		{36ECFFA3-F933-4D3F-9993-966670CD80BE}.Debug|Any CPU.Build.0 = Debug|Any CPU
		{36ECFFA3-F933-4D3F-9993-966670CD80BE}.Release|Any CPU.ActiveCfg = Release|Any CPU
		{36ECFFA3-F933-4D3F-9993-966670CD80BE}.Release|Any CPU.Build.0 = Release|Any CPU
	EndGlobalSection
EndGlobal
